dependencies:
- name: common
  repository: https://raw.githubusercontent.com/bitnami/charts/archive-full-index/bitnami
  version: 2.2.2
- name: redis
  repository: https://raw.githubusercontent.com/bitnami/charts/archive-full-index/bitnami
  version: 17.3.17
- name: mongodb
  repository: https://raw.githubusercontent.com/bitnami/charts/archive-full-index/bitnami
  version: 13.6.1
digest: sha256:6ff66a0640a5f87af1a786049355f25efbbf20a553530bca031141b2b8bd97f9
generated: "2026-07-17T20:16:05.796988+08:00"
